
Microsoft Visual Studio Solution File, Format Version 12.00
# Visual Studio Version 17
VisualStudioVersion = 17.9.34622.214
MinimumVisualStudioVersion = 10.0.40219.1
Project("{FAE04EC0-301F-11D3-BF4B-00C04F79EFBC}") = "ShowTraitExp", "ShowTraitExp\ShowTraitExp.csproj", "{979571B3-AA60-449C-A80F-CEEC50C3CF03}"
EndProject
Global
	GlobalSection(SolutionConfigurationPlatforms) = preSolution
		Debug|x64 = Debug|x64
		Release|x64 = Release|x64
	EndGlobalSection
	GlobalSection(ProjectConfigurationPlatforms) = postSolution
		{979571B3-AA60-449C-A80F-CEEC50C3CF03}.Debug|x64.ActiveCfg = Debug|x64
		{979571B3-AA60-449C-A80F-CEEC50C3CF03}.Debug|x64.Build.0 = Debug|x64
		{979571B3-AA60-449C-A80F-CEEC50C3CF03}.Release|x64.ActiveCfg = Release|x64
		{979571B3-AA60-449C-A80F-CEEC50C3CF03}.Release|x64.Build.0 = Release|x64
	EndGlobalSection
	GlobalSection(SolutionProperties) = preSolution
		HideSolutionNode = FALSE
	EndGlobalSection
	GlobalSection(ExtensibilityGlobals) = postSolution
		SolutionGuid = {830FD37E-E4C0-4ADD-A683-D50BCE3F590F}
	EndGlobalSection
EndGlobal
